
Microsoft Visual Studio Solution File, Format Version 12.00
# Visual Studio Version 16
VisualStudioVersion = 16.0.28803.202
MinimumVisualStudioVersion = 10.0.40219.1
Project("{FAE04EC0-301F-11D3-BF4B-00C04F79EFBC}") = "ЛР6", "ЛР6\ЛР6.csproj", "{EA0D61C6-DA54-4D24-B89A-78E3C0F54B52}"
EndProject
Global
	GlobalSection(SolutionConfigurationPlatforms) = preSolution
		Debug|Any CPU = Debug|Any CPU
		Release|Any CPU = Release|Any CPU
	EndGlobalSection
	GlobalSection(ProjectConfigurationPlatforms) = postSolution
		{EA0D61C6-DA54-4D24-B89A-78E3C0F54B52}.Debug|Any CPU.ActiveCfg = Debug|Any CPU
		{EA0D61C6-DA54-4D24-B89A-78E3C0F54B52}.Debug|Any CPU.Build.0 = Debug|Any CPU
		{EA0D61C6-DA54-4D24-B89A-78E3C0F54B52}.Release|Any CPU.ActiveCfg = Release|Any CPU
		{EA0D61C6-DA54-4D24-B89A-78E3C0F54B52}.Release|Any CPU.Build.0 = Release|Any CPU
	EndGlobalSection
	GlobalSection(SolutionProperties) = preSolution
		HideSolutionNode = FALSE
	EndGlobalSection
	GlobalSection(ExtensibilityGlobals) = postSolution
		SolutionGuid = {39E24E2C-B12A-46F0-9E9A-37B9A4EF5C4C}
	EndGlobalSection
EndGlobal
